lockfileVersion: '9.0'

settings:
  autoInstallPeers: true
  excludeLinksFromLockfile: false

importers:

  .:
    dependencies:
      openai:
        specifier: ^7.23.0
        version: 7.23.0

packages:

  openai@7.23.0:
    resolution: {integrity: sha512-0ecOXnFSMNWZq6cUBcTV6Lf93y+fm8BH/+QzFvpoP1UGNOE5pnytRa6HAPGCw+3IS9SIAW7rc1M8yyzN1PiBAQ==}
    engines: {node: '>=22.0.0'}
    peerDependencies:
      '@aws-sdk/credential-provider-node': '>=3.972.0 <4'
      '@smithy/hash-node': '>=4.3.0 <5'
      '@smithy/signature-v4': '>=5.4.0 <6'
      undici: '>=5 <9'
      ws: ^8.21.0
      zod: ^3.25 || ^4.0
    peerDependenciesMeta:
      '@aws-sdk/credential-provider-node':
        optional: true
      '@smithy/hash-node':
        optional: true
      '@smithy/signature-v4':
        optional: true
      undici:
        optional: true
      ws:
        optional: true
      zod:
        optional: true

snapshots:

  openai@7.23.0: {}
